
Microsoft Visual Studio Solution File, Format Version 12.00
# Visual Studio Version 17
VisualStudioVersion = 17.0.31903.59
MinimumVisualStudioVersion = 10.0.40219.1
Project("{FAE04EC0-301F-11D3-BF4B-00C04F79EFBC}") = "WebUniversity", "WebUniversity\WebUniversity.csproj", "{BDFA7D67-E575-4FEF-B348-FAD3AA6597B8}"
EndProject
Global
	GlobalSection(SolutionConfigurationPlatforms) = preSolution
		Debug|Any CPU = Debug|Any CPU
		Release|Any CPU = Release|Any CPU
	EndGlobalSection
	GlobalSection(ProjectConfigurationPlatforms) = postSolution
		{BDFA7D67-E575-4FEF-B348-FAD3AA6597B8}.Debug|Any CPU.ActiveCfg = Debug|Any CPU
		{BDFA7D67-E575-4FEF-B348-FAD3AA6597B8}.Debug|Any CPU.Build.0 = Debug|Any CPU
		{BDFA7D67-E575-4FEF-B348-FAD3AA6597B8}.Release|Any CPU.ActiveCfg = Release|Any CPU
		{BDFA7D67-E575-4FEF-B348-FAD3AA6597B8}.Release|Any CPU.Build.0 = Release|Any CPU
	EndGlobalSection
	GlobalSection(SolutionProperties) = preSolution
		HideSolutionNode = FALSE
	EndGlobalSection
	GlobalSection(ExtensibilityGlobals) = postSolution
		SolutionGuid = {C15620B0-637E-439D-A4F4-F3064F02BB66}
	EndGlobalSection
EndGlobal
